github.com/gorilla/mux v1.8.0 h1:i40aqfkR1h2SlN9hojwV5ZA91wcXFOvkdNIeFDP5koI=
github.com/gorilla/mux v1.8.0/go.mod h1:DVbg23sWSpFRCP0SfiEN6jmj59UnW/n46BH5rLB71So=
github.com/iovisor/gobpf v0.2.0 h1:34xkQxft+35GagXBk3n23eqhm0v7q0ejeVirb8sqEOQ=
github.com/iovisor/gobpf v0.2.0/go.mod h1:WSY9Jj5RhdgC3ci1QaacvbFdQ8cbrEjrpiZbLHLt2s4=
